Microsoft Visual Studio Solution File, Format Version 11.00
# Visual Studio 2008

Project("{E5422882-8D08-F490-6EF0-BF83A52E3C7E}") = "Chicken Escape", "Assembly-CSharp-firstpass.csproj", "{FED76E7E-FE90-9AEE-E53F-390AE09D420F}"
EndProject
Project("{E5422882-8D08-F490-6EF0-BF83A52E3C7E}") = "Chicken Escape", "Assembly-CSharp.csproj", "{9337BC87-B39C-20C9-C8DA-1DC73B4059FB}"
EndProject
Project("{E5422882-8D08-F490-6EF0-BF83A52E3C7E}") = "Chicken Escape", "Assembly-CSharp-Editor.csproj", "{E433B108-8AB4-ECE0-14BC-B6942B80677C}"
EndProject
Global
	GlobalSection(SolutionConfigurationPlatforms) = preSolution
		Debug|Any CPU = Debug|Any CPU
		Release|Any CPU = Release|Any CPU
	EndGlobalSection
	GlobalSection(ProjectConfigurationPlatforms) = postSolution
		{FED76E7E-FE90-9AEE-E53F-390AE09D420F}.Debug|Any CPU.ActiveCfg = Debug|Any CPU
		{FED76E7E-FE90-9AEE-E53F-390AE09D420F}.Debug|Any CPU.Build.0 = Debug|Any CPU
		{FED76E7E-FE90-9AEE-E53F-390AE09D420F}.Release|Any CPU.ActiveCfg = Release|Any CPU
		{FED76E7E-FE90-9AEE-E53F-390AE09D420F}.Release|Any CPU.Build.0 = Release|Any CPU
		{9337BC87-B39C-20C9-C8DA-1DC73B4059FB}.Debug|Any CPU.ActiveCfg = Debug|Any CPU
		{9337BC87-B39C-20C9-C8DA-1DC73B4059FB}.Debug|Any CPU.Build.0 = Debug|Any CPU
		{9337BC87-B39C-20C9-C8DA-1DC73B4059FB}.Release|Any CPU.ActiveCfg = Release|Any CPU
		{9337BC87-B39C-20C9-C8DA-1DC73B4059FB}.Release|Any CPU.Build.0 = Release|Any CPU
		{E433B108-8AB4-ECE0-14BC-B6942B80677C}.Debug|Any CPU.ActiveCfg = Debug|Any CPU
		{E433B108-8AB4-ECE0-14BC-B6942B80677C}.Debug|Any CPU.Build.0 = Debug|Any CPU
		{E433B108-8AB4-ECE0-14BC-B6942B80677C}.Release|Any CPU.ActiveCfg = Release|Any CPU
		{E433B108-8AB4-ECE0-14BC-B6942B80677C}.Release|Any CPU.Build.0 = Release|Any CPU
	EndGlobalSection
	GlobalSection(SolutionProperties) = preSolution
		HideSolutionNode = FALSE
	EndGlobalSection
	GlobalSection(MonoDevelopProperties) = preSolution
		StartupItem = Assembly-CSharp.csproj
	EndGlobalSection
EndGlobal
